
Microsoft Visual Studio Solution File, Format Version 12.00
# Visual Studio 15
VisualStudioVersion = 15.0.28010.2050
MinimumVisualStudioVersion = 10.0.40219.1
Project("{FAE04EC0-301F-11D3-BF4B-00C04F79EFBC}") = "ObserverPattern", "ObserverPattern\ObserverPattern.csproj", "{FA0A395E-DDD8-4DB7-99DF-F848BE0FD073}"
EndProject
Global
	GlobalSection(SolutionConfigurationPlatforms) = preSolution
		Debug|Any CPU = Debug|Any CPU
		Release|Any CPU = Release|Any CPU
	EndGlobalSection
	GlobalSection(ProjectConfigurationPlatforms) = postSolution
		{FA0A395E-DDD8-4DB7-99DF-F848BE0FD073}.Debug|Any CPU.ActiveCfg = Debug|Any CPU
		{FA0A395E-DDD8-4DB7-99DF-F848BE0FD073}.Debug|Any CPU.Build.0 = Debug|Any CPU
		{FA0A395E-DDD8-4DB7-99DF-F848BE0FD073}.Release|Any CPU.ActiveCfg = Release|Any CPU
		{FA0A395E-DDD8-4DB7-99DF-F848BE0FD073}.Release|Any CPU.Build.0 = Release|Any CPU
	EndGlobalSection
	GlobalSection(SolutionProperties) = preSolution
		HideSolutionNode = FALSE
	EndGlobalSection
	GlobalSection(ExtensibilityGlobals) = postSolution
		SolutionGuid = {A3E35A43-5F75-4260-81E9-8874A899EDBF}
	EndGlobalSection
EndGlobal
